
Microsoft Visual Studio Solution File, Format Version 12.00
Project("{FAE04EC0-301F-11D3-BF4B-00C04F79EFBC}") = "Web", "Web\Web.csproj", "{A5345AC8-8DAA-4347-AC17-1FD22433F524}"
EndProject
Global
	GlobalSection(SolutionConfigurationPlatforms) = preSolution
		Debug|Any CPU = Debug|Any CPU
		Release|Any CPU = Release|Any CPU
	EndGlobalSection
	GlobalSection(ProjectConfigurationPlatforms) = postSolution
		{A5345AC8-8DAA-4347-AC17-1FD22433F524}.Debug|Any CPU.ActiveCfg = Debug|Any CPU
		{A5345AC8-8DAA-4347-AC17-1FD22433F524}.Debug|Any CPU.Build.0 = Debug|Any CPU
		{A5345AC8-8DAA-4347-AC17-1FD22433F524}.Release|Any CPU.ActiveCfg = Release|Any CPU
		{A5345AC8-8DAA-4347-AC17-1FD22433F524}.Release|Any CPU.Build.0 = Release|Any CPU
	EndGlobalSection
EndGlobal
